Microsoft Visual Studio Solution File, Format Version 7.00
Project("{FAE04EC0-301F-11D3-BF4B-00C04F79EFBC}") = "Test", "Test.csproj", "{715602F7-E98C-4CE2-B5BE-7611ED7E508C}"
EndProject
Global
	GlobalSection(SolutionConfiguration) = preSolution
		ConfigName.0 = Debug
		ConfigName.1 = Release
	EndGlobalSection
	GlobalSection(ProjectDependencies) = postSolution
	EndGlobalSection
	GlobalSection(ProjectConfiguration) = postSolution
		{715602F7-E98C-4CE2-B5BE-7611ED7E508C}.Debug.ActiveCfg = Debug|.NET
		{715602F7-E98C-4CE2-B5BE-7611ED7E508C}.Debug.Build.0 = Debug|.NET
		{715602F7-E98C-4CE2-B5BE-7611ED7E508C}.Release.ActiveCfg = Release|.NET
		{715602F7-E98C-4CE2-B5BE-7611ED7E508C}.Release.Build.0 = Release|.NET
	EndGlobalSection
	GlobalSection(ExtensibilityGlobals) = postSolution
	EndGlobalSection
	GlobalSection(ExtensibilityAddIns) = postSolution
	EndGlobalSection
EndGlobal
